
Microsoft Visual Studio Solution File, Format Version 12.00
# Visual Studio Version 17
VisualStudioVersion = 17.4.33205.214
MinimumVisualStudioVersion = 10.0.40219.1
Project("{FAE04EC0-301F-11D3-BF4B-00C04F79EFBC}") = "HomeworkWpf15", "HomeworkWpf15\HomeworkWpf15.csproj", "{51402178-6318-4FBF-A15E-B30FFB48A155}"
EndProject
Global
	GlobalSection(SolutionConfigurationPlatforms) = preSolution
		Debug|Any CPU = Debug|Any CPU
		Release|Any CPU = Release|Any CPU
	EndGlobalSection
	GlobalSection(ProjectConfigurationPlatforms) = postSolution
		{51402178-6318-4FBF-A15E-B30FFB48A155}.Debug|Any CPU.ActiveCfg = Debug|Any CPU
		{51402178-6318-4FBF-A15E-B30FFB48A155}.Debug|Any CPU.Build.0 = Debug|Any CPU
		{51402178-6318-4FBF-A15E-B30FFB48A155}.Release|Any CPU.ActiveCfg = Release|Any CPU
		{51402178-6318-4FBF-A15E-B30FFB48A155}.Release|Any CPU.Build.0 = Release|Any CPU
	EndGlobalSection
	GlobalSection(SolutionProperties) = preSolution
		HideSolutionNode = FALSE
	EndGlobalSection
	GlobalSection(ExtensibilityGlobals) = postSolution
		SolutionGuid = {A2855665-3130-4C72-894A-76E042B47C46}
	EndGlobalSection
EndGlobal
